# This file is autogenerated, do not edit; changes may be undone by the next 'dep ensure'.


[[projects]]
  digest = "1:c47f4964978e211c6e566596ec6246c329912ea92e9bb99c00798bb4564c5b09"
  name = "github.com/armon/go-radix"
  packages = ["."]
  pruneopts = "UT"
  revision = "1a2de0c21c94309923825da3df33a4381872c795"
  version = "v1.0.0"

[[projects]]
  digest = "1:f97285a3b0a496dcf8801072622230d513f69175665d94de60eb042d03387f6c"
  name = "github.com/julienschmidt/httprouter"
  packages = ["."]
  pruneopts = "UT"
  revision = "348b672cd90d8190f8240323e372ecd1e66b59dc"
  version = "v1.2.0"

[solve-meta]
  analyzer-name = "dep"
  analyzer-version = 1
  input-imports = [
    "github.com/armon/go-radix",
    "github.com/julienschmidt/httprouter",
  ]
  solver-name = "gps-cdcl"
  solver-version = 1
